
Microsoft Visual Studio Solution File, Format Version 12.00
# Visual Studio Version 17
VisualStudioVersion = 17.5.33424.131
MinimumVisualStudioVersion = 10.0.40219.1
Project("{FAE04EC0-301F-11D3-BF4B-00C04F79EFBC}") = "WpfPOS", "WpfPOS.csproj", "{8171EC67-F31D-4BAE-A3A2-70F37191E215}"
EndProject
Project("{9A19103F-16F7-4668-BE54-9A1E7A4F7556}") = "entitati", "..\entitati\entitati.csproj", "{AB55839E-3EFD-4A38-91BD-1CC632A49F16}"
EndProject
Global
	GlobalSection(SolutionConfigurationPlatforms) = preSolution
		Debug|Any CPU = Debug|Any CPU
		Release|Any CPU = Release|Any CPU
	EndGlobalSection
	GlobalSection(ProjectConfigurationPlatforms) = postSolution
		{8171EC67-F31D-4BAE-A3A2-70F37191E215}.Debug|Any CPU.ActiveCfg = Debug|Any CPU
		{8171EC67-F31D-4BAE-A3A2-70F37191E215}.Debug|Any CPU.Build.0 = Debug|Any CPU
		{8171EC67-F31D-4BAE-A3A2-70F37191E215}.Release|Any CPU.ActiveCfg = Release|Any CPU
		{8171EC67-F31D-4BAE-A3A2-70F37191E215}.Release|Any CPU.Build.0 = Release|Any CPU
		{AB55839E-3EFD-4A38-91BD-1CC632A49F16}.Debug|Any CPU.ActiveCfg = Debug|Any CPU
		{AB55839E-3EFD-4A38-91BD-1CC632A49F16}.Debug|Any CPU.Build.0 = Debug|Any CPU
		{AB55839E-3EFD-4A38-91BD-1CC632A49F16}.Release|Any CPU.ActiveCfg = Release|Any CPU
		{AB55839E-3EFD-4A38-91BD-1CC632A49F16}.Release|Any CPU.Build.0 = Release|Any CPU
	EndGlobalSection
	GlobalSection(SolutionProperties) = preSolution
		HideSolutionNode = FALSE
	EndGlobalSection
	GlobalSection(ExtensibilityGlobals) = postSolution
		SolutionGuid = {217A799E-2D65-4C93-A4CE-88E4D7C10E0E}
	EndGlobalSection
EndGlobal
